
Microsoft Visual Studio Solution File, Format Version 12.00
# Visual Studio Version 17
VisualStudioVersion = 17.1.32210.238
MinimumVisualStudioVersion = 10.0.40219.1
Project("{FAE04EC0-301F-11D3-BF4B-00C04F79EFBC}") = "WebAPI", "WebAPI\WebAPI.csproj", "{6DCBFC6C-AB4A-4167-BC36-308C3E9FB0A0}"
EndProject
Project("{FAE04EC0-301F-11D3-BF4B-00C04F79EFBC}") = "DAL", "DAL\DAL.csproj", "{533B9E27-E990-49A6-A6BA-1E2E61B7BA83}"
EndProject
Project("{FAE04EC0-301F-11D3-BF4B-00C04F79EFBC}") = "WebApp", "WebApp\WebApp.csproj", "{F164D205-020D-4A9D-9A8B-9611B64FD7E5}"
EndProject
Global
	GlobalSection(SolutionConfigurationPlatforms) = preSolution
		Debug|Any CPU = Debug|Any CPU
		Release|Any CPU = Release|Any CPU
	EndGlobalSection
	GlobalSection(ProjectConfigurationPlatforms) = postSolution
		{6DCBFC6C-AB4A-4167-BC36-308C3E9FB0A0}.Debug|Any CPU.ActiveCfg = Debug|Any CPU
		{6DCBFC6C-AB4A-4167-BC36-308C3E9FB0A0}.Debug|Any CPU.Build.0 = Debug|Any CPU
		{6DCBFC6C-AB4A-4167-BC36-308C3E9FB0A0}.Release|Any CPU.ActiveCfg = Release|Any CPU
		{6DCBFC6C-AB4A-4167-BC36-308C3E9FB0A0}.Release|Any CPU.Build.0 = Release|Any CPU
		{533B9E27-E990-49A6-A6BA-1E2E61B7BA83}.Debug|Any CPU.ActiveCfg = Debug|Any CPU
		{533B9E27-E990-49A6-A6BA-1E2E61B7BA83}.Debug|Any CPU.Build.0 = Debug|Any CPU
		{533B9E27-E990-49A6-A6BA-1E2E61B7BA83}.Release|Any CPU.ActiveCfg = Release|Any CPU
		{533B9E27-E990-49A6-A6BA-1E2E61B7BA83}.Release|Any CPU.Build.0 = Release|Any CPU
		{F164D205-020D-4A9D-9A8B-9611B64FD7E5}.Debug|Any CPU.ActiveCfg = Debug|Any CPU
		{F164D205-020D-4A9D-9A8B-9611B64FD7E5}.Debug|Any CPU.Build.0 = Debug|Any CPU
		{F164D205-020D-4A9D-9A8B-9611B64FD7E5}.Release|Any CPU.ActiveCfg = Release|Any CPU
		{F164D205-020D-4A9D-9A8B-9611B64FD7E5}.Release|Any CPU.Build.0 = Release|Any CPU
	EndGlobalSection
	GlobalSection(SolutionProperties) = preSolution
		HideSolutionNode = FALSE
	EndGlobalSection
	GlobalSection(ExtensibilityGlobals) = postSolution
		SolutionGuid = {E79DCD4F-6BCA-483E-AF5B-884694E31D9E}
	EndGlobalSection
EndGlobal
